
Microsoft Visual Studio Solution File, Format Version 12.00
# Visual Studio 15
Project("{FAE04EC0-301F-11D3-BF4B-00C04F79EFBC}") = "SteamVR", "SteamVR.csproj", "{988AA91A-3266-2AA2-0BA0-8D38B4170BD0}"
EndProject
Project("{FAE04EC0-301F-11D3-BF4B-00C04F79EFBC}") = "Assembly-CSharp", "Assembly-CSharp.csproj", "{CD0DE6EC-E3EF-03A8-656C-5478CC48D325}"
EndProject
Project("{FAE04EC0-301F-11D3-BF4B-00C04F79EFBC}") = "SteamVR_Actions", "SteamVR_Actions.csproj", "{3ADA1D27-AF34-75D2-1E74-85E138B2D7EF}"
EndProject
Project("{FAE04EC0-301F-11D3-BF4B-00C04F79EFBC}") = "SteamVR_Editor", "SteamVR_Editor.csproj", "{A454D26B-21E4-387D-E9C2-68080D51E1B7}"
EndProject
Project("{FAE04EC0-301F-11D3-BF4B-00C04F79EFBC}") = "SteamVR_Input_Editor", "SteamVR_Input_Editor.csproj", "{A3DE7645-E824-863E-2A51-7BF8C789C375}"
EndProject
Project("{FAE04EC0-301F-11D3-BF4B-00C04F79EFBC}") = "SteamVR_Windows_EditorHelper", "SteamVR_Windows_EditorHelper.csproj", "{BCB67ACB-4551-E625-7DEE-CCEA22E8EE8D}"
EndProject
Global
	GlobalSection(SolutionConfigurationPlatforms) = preSolution
		Debug|Any CPU = Debug|Any CPU
		Release|Any CPU = Release|Any CPU
	EndGlobalSection
	GlobalSection(ProjectConfigurationPlatforms) = postSolution
		{988AA91A-3266-2AA2-0BA0-8D38B4170BD0}.Debug|Any CPU.ActiveCfg = Debug|Any CPU
		{988AA91A-3266-2AA2-0BA0-8D38B4170BD0}.Debug|Any CPU.Build.0 = Debug|Any CPU
		{988AA91A-3266-2AA2-0BA0-8D38B4170BD0}.Release|Any CPU.ActiveCfg = Release|Any CPU
		{988AA91A-3266-2AA2-0BA0-8D38B4170BD0}.Release|Any CPU.Build.0 = Release|Any CPU
		{CD0DE6EC-E3EF-03A8-656C-5478CC48D325}.Debug|Any CPU.ActiveCfg = Debug|Any CPU
		{CD0DE6EC-E3EF-03A8-656C-5478CC48D325}.Debug|Any CPU.Build.0 = Debug|Any CPU
		{CD0DE6EC-E3EF-03A8-656C-5478CC48D325}.Release|Any CPU.ActiveCfg = Release|Any CPU
		{CD0DE6EC-E3EF-03A8-656C-5478CC48D325}.Release|Any CPU.Build.0 = Release|Any CPU
		{3ADA1D27-AF34-75D2-1E74-85E138B2D7EF}.Debug|Any CPU.ActiveCfg = Debug|Any CPU
		{3ADA1D27-AF34-75D2-1E74-85E138B2D7EF}.Debug|Any CPU.Build.0 = Debug|Any CPU
		{3ADA1D27-AF34-75D2-1E74-85E138B2D7EF}.Release|Any CPU.ActiveCfg = Release|Any CPU
		{3ADA1D27-AF34-75D2-1E74-85E138B2D7EF}.Release|Any CPU.Build.0 = Release|Any CPU
		{A454D26B-21E4-387D-E9C2-68080D51E1B7}.Debug|Any CPU.ActiveCfg = Debug|Any CPU
		{A454D26B-21E4-387D-E9C2-68080D51E1B7}.Debug|Any CPU.Build.0 = Debug|Any CPU
		{A454D26B-21E4-387D-E9C2-68080D51E1B7}.Release|Any CPU.ActiveCfg = Release|Any CPU
		{A454D26B-21E4-387D-E9C2-68080D51E1B7}.Release|Any CPU.Build.0 = Release|Any CPU
		{A3DE7645-E824-863E-2A51-7BF8C789C375}.Debug|Any CPU.ActiveCfg = Debug|Any CPU
		{A3DE7645-E824-863E-2A51-7BF8C789C375}.Debug|Any CPU.Build.0 = Debug|Any CPU
		{A3DE7645-E824-863E-2A51-7BF8C789C375}.Release|Any CPU.ActiveCfg = Release|Any CPU
		{A3DE7645-E824-863E-2A51-7BF8C789C375}.Release|Any CPU.Build.0 = Release|Any CPU
		{BCB67ACB-4551-E625-7DEE-CCEA22E8EE8D}.Debug|Any CPU.ActiveCfg = Debug|Any CPU
		{BCB67ACB-4551-E625-7DEE-CCEA22E8EE8D}.Debug|Any CPU.Build.0 = Debug|Any CPU
		{BCB67ACB-4551-E625-7DEE-CCEA22E8EE8D}.Release|Any CPU.ActiveCfg = Release|Any CPU
		{BCB67ACB-4551-E625-7DEE-CCEA22E8EE8D}.Release|Any CPU.Build.0 = Release|Any CPU
	EndGlobalSection
	GlobalSection(SolutionProperties) = preSolution
		HideSolutionNode = FALSE
	EndGlobalSection
EndGlobal
